// !$*UTF8*$!
{
	archiveVersion = 1;
	classes = {
	};
	objectVersion = 50;
	objects = {

/* Begin PBXBuildFile section */
		3C1716D925EE211B003C0E59 /* AppDelegate.swift in Sources */ = {isa = PBXBuildFile; fileRef = 3C1716D825EE211B003C0E59 /* AppDelegate.swift */; };
		3C1716DB25EE211B003C0E59 /* SceneDelegate.swift in Sources */ = {isa = PBXBuildFile; fileRef = 3C1716DA25EE211B003C0E59 /* SceneDelegate.swift */; };
		3C1716DD25EE211B003C0E59 /* ViewController.swift in Sources */ = {isa = PBXBuildFile; fileRef = 3C1716DC25EE211B003C0E59 /* ViewController.swift */; };
		3C1716E025EE211B003C0E59 /* Main.storyboard in Resources */ = {isa = PBXBuildFile; fileRef = 3C1716DE25EE211B003C0E59 /* Main.storyboard */; };
		3C1716E225EE2121003C0E59 /* Assets.xcassets in Resources */ = {isa = PBXBuildFile; fileRef = 3C1716E125EE2121003C0E59 /* Assets.xcassets */; };
		3C1716E525EE2121003C0E59 /* LaunchScreen.storyboard in Resources */ = {isa = PBXBuildFile; fileRef = 3C1716E325EE2121003C0E59 /* LaunchScreen.storyboard */; };
/* End PBXBuildFile section */

/* Begin PBXFileReference section */
		3C1716D525EE211B003C0E59 /* MapView.app */ = {isa = PBXFileReference; explicitFileType = wrapper.application; includeInIndex = 0; path = MapView.app; sourceTree = BUILT_PRODUCTS_DIR; };
		3C1716D825EE211B003C0E59 /* AppDelegate.swift */ = {isa = PBXFileReference; lastKnownFileType = sourcecode.swift; path = AppDelegate.swift; sourceTree = "<group>"; };
		3C1716DA25EE211B003C0E59 /* SceneDelegate.swift */ = {isa = PBXFileReference; lastKnownFileType = sourcecode.swift; path = SceneDelegate.swift; sourceTree = "<group>"; };
		3C1716DC25EE211B003C0E59 /* ViewController.swift */ = {isa = PBXFileReference; lastKnownFileType = sourcecode.swift; path = ViewController.swift; sourceTree = "<group>"; };
		3C1716DF25EE211B003C0E59 /* Base */ = {isa = PBXFileReference; lastKnownFileType = file.storyboard; name = Base; path = Base.lproj/Main.storyboard; sourceTree = "<group>"; };
		3C1716E125EE2121003C0E59 /* Assets.xcassets */ = {isa = PBXFileReference; lastKnownFileType = folder.assetcatalog; path = Assets.xcassets; sourceTree = "<group>"; };
		3C1716E425EE2121003C0E59 /* Base */ = {isa = PBXFileReference; lastKnownFileType = file.storyboard; name = Base; path = Base.lproj/LaunchScreen.storyboard; sourceTree = "<group>"; };
		3C1716E625EE2121003C0E59 /* Info.plist */ = {isa = PBXFileReference; lastKnownFileType = text.plist.xml; path = Info.plist; sourceTree = "<group>"; };
/* End PBXFileReference section */

/* Begin PBXFrameworksBuildPhase section */
		3C1716D225EE211B003C0E59 /* Frameworks */ = {
			isa = PBXFrameworksBuildPhase;
			buildActionMask = 2147483647;
			files = (
			);
			runOnlyForDeploymentPostprocessing = 0;
		};
/* End PBXFrameworksBuildPhase section */

/* Begin PBXGroup section */
		3C1716CC25EE211B003C0E59 = {
			isa = PBXGroup;
			children = (
				3C1716D725EE211B003C0E59 /* MapView */,
				3C1716D625EE211B003C0E59 /* Products */,
			);
			sourceTree = "<group>";
		};
		3C1716D625EE211B003C0E59 /* Products */ = {
			isa = PBXGroup;
			children = (
				3C1716D525EE211B003C0E59 /* MapView.app */,
			);
			name = Products;
			sourceTree = "<group>";
		};
		3C1716D725EE211B003C0E59 /* MapView */ = {
			isa = PBXGroup;
			children = (
				3C1716D825EE211B003C0E59 /* AppDelegate.swift */,
				3C1716DA25EE211B003C0E59 /* SceneDelegate.swift */,
				3C1716DC25EE211B003C0E59 /* ViewController.swift */,
				3C1716DE25EE211B003C0E59 /* Main.storyboard */,
				3C1716E125EE2121003C0E59 /* Assets.xcassets */,
				3C1716E325EE2121003C0E59 /* LaunchScreen.storyboard */,
				3C1716E625EE2121003C0E59 /* Info.plist */,
			);
			path = MapView;
			sourceTree = "<group>";
		};
/* End PBXGroup section */

/* Begin PBXNativeTarget section */
		3C1716D425EE211B003C0E59 /* MapView */ = {
			isa = PBXNativeTarget;
			buildConfigurationList = 3C1716E925EE2121003C0E59 /* Build configuration list for PBXNativeTarget "MapView" */;
			buildPhases = (
				3C1716D125EE211B003C0E59 /* Sources */,
				3C1716D225EE211B003C0E59 /* Frameworks */,
				3C1716D325EE211B003C0E59 /* Resources */,
			);
			buildRules = (
			);
			dependencies = (
			);
			name = MapView;
			productName = MapView;
			productReference = 3C1716D525EE211B003C0E59 /* MapView.app */;
			productType = "com.apple.product-type.application";
		};
/* End PBXNativeTarget section */

/* Begin PBXProject section */
		3C1716CD25EE211B003C0E59 /* Project object */ = {
			isa = PBXProject;
			attributes = {
				LastSwiftUpdateCheck = 1160;
				LastUpgradeCheck = 1160;
				ORGANIZATIONNAME = shahzod;
				TargetAttributes = {
					3C1716D425EE211B003C0E59 = {
						CreatedOnToolsVersion = 11.6;
					};
				};
			};
			buildConfigurationList = 3C1716D025EE211B003C0E59 /* Build configuration list for PBXProject "MapView" */;
			compatibilityVersion = "Xcode 9.3";
			developmentRegion = en;
			hasScannedForEncodings = 0;
			knownRegions = (
				en,
				Base,
			);
			mainGroup = 3C1716CC25EE211B003C0E59;
			productRefGroup = 3C1716D625EE211B003C0E59 /* Products */;
			projectDirPath = "";
			projectRoot = "";
			targets = (
				3C1716D425EE211B003C0E59 /* MapView */,
			);
		};
/* End PBXProject section */

/* Begin PBXResourcesBuildPhase section */
		3C1716D325EE211B003C0E59 /* Resources */ = {
			isa = PBXResourcesBuildPhase;
			buildActionMask = 2147483647;
			files = (
				3C1716E525EE2121003C0E59 /* LaunchScreen.storyboard in Resources */,
				3C1716E225EE2121003C0E59 /* Assets.xcassets in Resources */,
				3C1716E025EE211B003C0E59 /* Main.storyboard in Resources */,
			);
			runOnlyForDeploymentPostprocessing = 0;
		};
/* End PBXResourcesBuildPhase section */

/* Begin PBXSourcesBuildPhase section */
		3C1716D125EE211B003C0E59 /* Sources */ = {
			isa = PBXSourcesBuildPhase;
			buildActionMask = 2147483647;
			files = (
				3C1716DD25EE211B003C0E59 /* ViewController.swift in Sources */,
				3C1716D925EE211B003C0E59 /* AppDelegate.swift in Sources */,
				3C1716DB25EE211B003C0E59 /* SceneDelegate.swift in Sources */,
			);
			runOnlyForDeploymentPostprocessing = 0;
		};
/* End PBXSourcesBuildPhase section */

/* Begin PBXVariantGroup section */
		3C1716DE25EE211B003C0E59 /* Main.storyboard */ = {
			isa = PBXVariantGroup;
			children = (
				3C1716DF25EE211B003C0E59 /* Base */,
			);
			name = Main.storyboard;
			sourceTree = "<group>";
		};
		3C1716E325EE2121003C0E59 /* LaunchScreen.storyboard */ = {
			isa = PBXVariantGroup;
			children = (
				3C1716E425EE2121003C0E59 /* Base */,
			);
			name = LaunchScreen.storyboard;
			sourceTree = "<group>";
		};
/* End PBXVariantGroup section */

/* Begin XCBuildConfiguration section */
		3C1716E725EE2121003C0E59 /* Debug */ = {
			isa = XCBuildConfiguration;
			buildSettings = {
				ALWAYS_SEARCH_USER_PATHS = NO;
				CLANG_ANALYZER_NONNULL = YES;
				CLANG_ANALYZER_NUMBER_OBJECT_CONVERSION = YES_AGGRESSIVE;
				CLANG_CXX_LANGUAGE_STANDARD = "gnu++14";
				CLANG_CXX_LIBRARY = "libc++";
				CLANG_ENABLE_MODULES = YES;
				CLANG_ENABLE_OBJC_ARC = YES;
				CLANG_ENABLE_OBJC_WEAK = YES;
				CLANG_WARN_BLOCK_CAPTURE_AUTORELEASING = YES;
				CLANG_WARN_BOOL_CONVERSION = YES;
				CLANG_WARN_COMMA = YES;
				CLANG_WARN_CONSTANT_CONVERSION = YES;
				CLANG_WARN_DEPRECATED_OBJC_IMPLEMENTATIONS = YES;
				CLANG_WARN_DIRECT_OBJC_ISA_USAGE = YES_ERROR;
				CLANG_WARN_DOCUMENTATION_COMMENTS = YES;
				CLANG_WARN_EMPTY_BODY = YES;
				CLANG_WARN_ENUM_CONVERSION = YES;
				CLANG_WARN_INFINITE_RECURSION = YES;
				CLANG_WARN_INT_CONVERSION = YES;
				CLANG_WARN_NON_LITERAL_NULL_CONVERSION = YES;
				CLANG_WARN_OBJC_IMPLICIT_RETAIN_SELF = YES;
				CLANG_WARN_OBJC_LITERAL_CONVERSION = YES;
				CLANG_WARN_OBJC_ROOT_CLASS = YES_ERROR;
				CLANG_WARN_RANGE_LOOP_ANALYSIS = YES;
				CLANG_WARN_STRICT_PROTOTYPES = YES;
				CLANG_WARN_SUSPICIOUS_MOVE = YES;
				CLANG_WARN_UNGUARDED_AVAILABILITY = YES_AGGRESSIVE;
				CLANG_WARN_UNREACHABLE_CODE = YES;
				CLANG_WARN__DUPLICATE_METHOD_MATCH = YES;
				COPY_PHASE_STRIP = NO;
				DEBUG_INFORMATION_FORMAT = dwarf;
				ENABLE_STRICT_OBJC_MSGSEND = YES;
				ENABLE_TESTABILITY = YES;
				GCC_C_LANGUAGE_STANDARD = gnu11;
				GCC_DYNAMIC_NO_PIC = NO;
				GCC_NO_COMMON_BLOCKS = YES;
				GCC_OPTIMIZATION_LEVEL = 0;
				GCC_PREPROCESSOR_DEFINITIONS = (
					"DEBUG=1",
					"$(inherited)",
				);
				GCC_WARN_64_TO_32_BIT_CONVERSION = YES;
				GCC_WARN_ABOUT_RETURN_TYPE = YES_ERROR;
				GCC_WARN_UNDECLARED_SELECTOR = YES;
				GCC_WARN_UNINITIALIZED_AUTOS = YES_AGGRESSIVE;
				GCC_WARN_UNUSED_FUNCTION = YES;
				GCC_WARN_UNUSED_VARIABLE = YES;
				IPHONEOS_DEPLOYMENT_TARGET = 13.6;
				MTL_ENABLE_DEBUG_INFO = INCLUDE_SOURCE;
				MTL_FAST_MATH = YES;
				ONLY_ACTIVE_ARCH = YES;
				SDKROOT = iphoneos;
				SWIFT_ACTIVE_COMPILATION_CONDITIONS = DEBUG;
				SWIFT_OPTIMIZATION_LEVEL = "-Onone";
			};
			name = Debug;
		};
		3C1716E825EE2121003C0E59 /* Release */ = {
			isa = XCBuildConfiguration;
			buildSettings = {
				ALWAYS_SEARCH_USER_PATHS = NO;
				CLANG_ANALYZER_NONNULL = YES;
				CLANG_ANALYZER_NUMBER_OBJECT_CONVERSION = YES_AGGRESSIVE;
				CLANG_CXX_LANGUAGE_STANDARD = "gnu++14";
				CLANG_CXX_LIBRARY = "libc++";
				CLANG_ENABLE_MODULES = YES;
				CLANG_ENABLE_OBJC_ARC = YES;
				CLANG_ENABLE_OBJC_WEAK = YES;
				CLANG_WARN_BLOCK_CAPTURE_AUTORELEASING = YES;
				CLANG_WARN_BOOL_CONVERSION = YES;
				CLANG_WARN_COMMA = YES;
				CLANG_WARN_CONSTANT_CONVERSION = YES;
				CLANG_WARN_DEPRECATED_OBJC_IMPLEMENTATIONS = YES;
				CLANG_WARN_DIRECT_OBJC_ISA_USAGE = YES_ERROR;
				CLANG_WARN_DOCUMENTATION_COMMENTS = YES;
				CLANG_WARN_EMPTY_BODY = YES;
				CLANG_WARN_ENUM_CONVERSION = YES;
				CLANG_WARN_INFINITE_RECURSION = YES;
				CLANG_WARN_INT_CONVERSION = YES;
				CLANG_WARN_NON_LITERAL_NULL_CONVERSION = YES;
				CLANG_WARN_OBJC_IMPLICIT_RETAIN_SELF = YES;
				CLANG_WARN_OBJC_LITERAL_CONVERSION = YES;
				CLANG_WARN_OBJC_ROOT_CLASS = YES_ERROR;
				CLANG_WARN_RANGE_LOOP_ANALYSIS = YES;
				CLANG_WARN_STRICT_PROTOTYPES = YES;
				CLANG_WARN_SUSPICIOUS_MOVE = YES;
				CLANG_WARN_UNGUARDED_AVAILABILITY = YES_AGGRESSIVE;
				CLANG_WARN_UNREACHABLE_CODE = YES;
				CLANG_WARN__DUPLICATE_METHOD_MATCH = YES;
				COPY_PHASE_STRIP = NO;
				DEBUG_INFORMATION_FORMAT = "dwarf-with-dsym";
				ENABLE_NS_ASSERTIONS = NO;
				ENABLE_STRICT_OBJC_MSGSEND = YES;
				GCC_C_LANGUAGE_STANDARD = gnu11;
				GCC_NO_COMMON_BLOCKS = YES;
				GCC_WARN_64_TO_32_BIT_CONVERSION = YES;
				GCC_WARN_ABOUT_RETURN_TYPE = YES_ERROR;
				GCC_WARN_UNDECLARED_SELECTOR = YES;
				GCC_WARN_UNINITIALIZED_AUTOS = YES_AGGRESSIVE;
				GCC_WARN_UNUSED_FUNCTION = YES;
				GCC_WARN_UNUSED_VARIABLE = YES;
				IPHONEOS_DEPLOYMENT_TARGET = 13.6;
				MTL_ENABLE_DEBUG_INFO = NO;
				MTL_FAST_MATH = YES;
				SDKROOT = iphoneos;
				SWIFT_COMPILATION_MODE = wholemodule;
				SWIFT_OPTIMIZATION_LEVEL = "-O";
				VALIDATE_PRODUCT = YES;
			};
			name = Release;
		};
		3C1716EA25EE2121003C0E59 /* Debug */ = {
			isa = XCBuildConfiguration;
			buildSettings = {
				ASSETCATALOG_COMPILER_APPICON_NAME = AppIcon;
				CODE_SIGN_STYLE = Automatic;
				DEVELOPMENT_TEAM = GDP346N277;
				INFOPLIST_FILE = MapView/Info.plist;
				LD_RUNPATH_SEARCH_PATHS = (
					"$(inherited)",
					"@executable_path/Frameworks",
				);
				PRODUCT_BUNDLE_IDENTIFIER = com.shahzod.test.MapView;
				PRODUCT_NAME = "$(TARGET_NAME)";
				SWIFT_VERSION = 5.0;
				TARGETED_DEVICE_FAMILY = "1,2";
			};
			name = Debug;
		};
		3C1716EB25EE2121003C0E59 /* Release */ = {
			isa = XCBuildConfiguration;
			buildSettings = {
				ASSETCATALOG_COMPILER_APPICON_NAME = AppIcon;
				CODE_SIGN_STYLE = Automatic;
				DEVELOPMENT_TEAM = GDP346N277;
				INFOPLIST_FILE = MapView/Info.plist;
				LD_RUNPATH_SEARCH_PATHS = (
					"$(inherited)",
					"@executable_path/Frameworks",
				);
				PRODUCT_BUNDLE_IDENTIFIER = com.shahzod.test.MapView;
				PRODUCT_NAME = "$(TARGET_NAME)";
				SWIFT_VERSION = 5.0;
				TARGETED_DEVICE_FAMILY = "1,2";
			};
			name = Release;
		};
/* End XCBuildConfiguration section */

/* Begin XCConfigurationList section */
		3C1716D025EE211B003C0E59 /* Build configuration list for PBXProject "MapView" */ = {
			isa = XCConfigurationList;
			buildConfigurations = (
				3C1716E725EE2121003C0E59 /* Debug */,
				3C1716E825EE2121003C0E59 /* Release */,
			);
			defaultConfigurationIsVisible = 0;
			defaultConfigurationName = Release;
		};
		3C1716E925EE2121003C0E59 /* Build configuration list for PBXNativeTarget "MapView" */ = {
			isa = XCConfigurationList;
			buildConfigurations = (
				3C1716EA25EE2121003C0E59 /* Debug */,
				3C1716EB25EE2121003C0E59 /* Release */,
			);
			defaultConfigurationIsVisible = 0;
			defaultConfigurationName = Release;
		};
/* End XCConfigurationList section */
	};
	rootObject = 3C1716CD25EE211B003C0E59 /* Project object */;
}
